// !$*UTF8*$!
{
	archiveVersion = 1;
	classes = {
	};
	objectVersion = 50;
	objects = {

/* Begin PBXBuildFile section */
		110DFA20236B715C0045262E /* AuthService.swift in Sources */ = {isa = PBXBuildFile; fileRef = 110DFA1F236B715C0045262E /* AuthService.swift */; };
		11482B782365904F00B38695 /* AppDelegate.swift in Sources */ = {isa = PBXBuildFile; fileRef = 11482B772365904F00B38695 /* AppDelegate.swift */; };
		11482B7D2365904F00B38695 /* Main.storyboard in Resources */ = {isa = PBXBuildFile; fileRef = 11482B7B2365904F00B38695 /* Main.storyboard */; };
		11482B7F2365905100B38695 /* Assets.xcassets in Resources */ = {isa = PBXBuildFile; fileRef = 11482B7E2365905100B38695 /* Assets.xcassets */; };
		11482B822365905100B38695 /* LaunchScreen.storyboard in Resources */ = {isa = PBXBuildFile; fileRef = 11482B802365905100B38695 /* LaunchScreen.storyboard */; };
		11482B8D2369C58100B38695 /* SWRevealViewController.m in Sources */ = {isa = PBXBuildFile; fileRef = 11482B8B2369C58100B38695 /* SWRevealViewController.m */; };
		11482B902369DA5400B38695 /* ChatViewController.swift in Sources */ = {isa = PBXBuildFile; fileRef = 11482B8F2369DA5400B38695 /* ChatViewController.swift */; };
		11482B922369DA6400B38695 /* ChannelViewController.swift in Sources */ = {isa = PBXBuildFile; fileRef = 11482B912369DA6400B38695 /* ChannelViewController.swift */; };
		11482B96236A07AC00B38695 /* GradiantView.swift in Sources */ = {isa = PBXBuildFile; fileRef = 11482B95236A07AC00B38695 /* GradiantView.swift */; };
		11482B98236AC2AF00B38695 /* LoginViewConroller.swift in Sources */ = {isa = PBXBuildFile; fileRef = 11482B97236AC2AF00B38695 /* LoginViewConroller.swift */; };
		11482B9B236AC32C00B38695 /* Constants.swift in Sources */ = {isa = PBXBuildFile; fileRef = 11482B9A236AC32C00B38695 /* Constants.swift */; };
		1153E1C9236AD4DF00F9F707 /* CreateAccountViewController.swift in Sources */ = {isa = PBXBuildFile; fileRef = 1153E1C8236AD4DF00F9F707 /* CreateAccountViewController.swift */; };
		115CA1852375545400A01761 /* KeyboardBoundView.swift in Sources */ = {isa = PBXBuildFile; fileRef = 115CA1842375545400A01761 /* KeyboardBoundView.swift */; };
		115CA18723756D9200A01761 /* ChatCell.swift in Sources */ = {isa = PBXBuildFile; fileRef = 115CA18623756D9200A01761 /* ChatCell.swift */; };
		11860FF1236C17B4004CD9D0 /* RoundedButton.swift in Sources */ = {isa = PBXBuildFile; fileRef = 11860FF0236C17B4004CD9D0 /* RoundedButton.swift */; };
		11860FF3236C2CF6004CD9D0 /* UserDataService.swift in Sources */ = {isa = PBXBuildFile; fileRef = 11860FF2236C2CF6004CD9D0 /* UserDataService.swift */; };
		11860FF5236C48E1004CD9D0 /* AvatarPickerViewController.swift in Sources */ = {isa = PBXBuildFile; fileRef = 11860FF4236C48E1004CD9D0 /* AvatarPickerViewController.swift */; };
		11860FF7236C4B95004CD9D0 /* AvatarPickerCell.swift in Sources */ = {isa = PBXBuildFile; fileRef = 11860FF6236C4B95004CD9D0 /* AvatarPickerCell.swift */; };
		11860FF9236C6DD3004CD9D0 /* CircleImage.swift in Sources */ = {isa = PBXBuildFile; fileRef = 11860FF8236C6DD3004CD9D0 /* CircleImage.swift */; };
		11860FFB236C7089004CD9D0 /* CustomTextField.swift in Sources */ = {isa = PBXBuildFile; fileRef = 11860FFA236C7089004CD9D0 /* CustomTextField.swift */; };
		11860FFF236CB274004CD9D0 /* ProfileViewController.swift in Sources */ = {isa = PBXBuildFile; fileRef = 11860FFD236CB274004CD9D0 /* ProfileViewController.swift */; };
		11861000236CB274004CD9D0 /* ProfileViewController.xib in Resources */ = {isa = PBXBuildFile; fileRef = 11860FFE236CB274004CD9D0 /* ProfileViewController.xib */; };
		11B1C26423C3257300187639 /* MyCell.swift in Sources */ = {isa = PBXBuildFile; fileRef = 11B1C26323C3257300187639 /* MyCell.swift */; };
		11B6E2AE2374661500C7F159 /* SocketService.swift in Sources */ = {isa = PBXBuildFile; fileRef = 11B6E2AD2374661500C7F159 /* SocketService.swift */; };
		11B6E2B02374A81F00C7F159 /* Message.swift in Sources */ = {isa = PBXBuildFile; fileRef = 11B6E2AF2374A81F00C7F159 /* Message.swift */; };
		11FD9CC123743A0E006E5EF2 /* MessageService.swift in Sources */ = {isa = PBXBuildFile; fileRef = 11FD9CC023743A0E006E5EF2 /* MessageService.swift */; };
		11FD9CC323743A34006E5EF2 /* Channel.swift in Sources */ = {isa = PBXBuildFile; fileRef = 11FD9CC223743A34006E5EF2 /* Channel.swift */; };
		11FD9CC523744147006E5EF2 /* ChannelCell.swift in Sources */ = {isa = PBXBuildFile; fileRef = 11FD9CC423744147006E5EF2 /* ChannelCell.swift */; };
		11FD9CC8237455E1006E5EF2 /* AddChannelViewController.swift in Sources */ = {isa = PBXBuildFile; fileRef = 11FD9CC6237455E1006E5EF2 /* AddChannelViewController.swift */; };
		11FD9CC9237455E1006E5EF2 /* AddChannelViewController.xib in Resources */ = {isa = PBXBuildFile; fileRef = 11FD9CC7237455E1006E5EF2 /* AddChannelViewController.xib */; };
		27BC4CD5A15CB7238CF2B8B7 /* Pods_Chat_app.framework in Frameworks */ = {isa = PBXBuildFile; fileRef = A5B1EC37AEE596D77DB294AC /* Pods_Chat_app.framework */; };
/* End PBXBuildFile section */

/* Begin PBXFileReference section */
		110DFA1F236B715C0045262E /* AuthService.swift */ = {isa = PBXFileReference; lastKnownFileType = sourcecode.swift; path = AuthService.swift; sourceTree = "<group>"; };
		11482B742365904F00B38695 /* Chat app.app */ = {isa = PBXFileReference; explicitFileType = wrapper.application; includeInIndex = 0; path = "Chat app.app"; sourceTree = BUILT_PRODUCTS_DIR; };
		11482B772365904F00B38695 /* AppDelegate.swift */ = {isa = PBXFileReference; lastKnownFileType = sourcecode.swift; path = AppDelegate.swift; sourceTree = "<group>"; };
		11482B7C2365904F00B38695 /* Base */ = {isa = PBXFileReference; lastKnownFileType = file.storyboard; name = Base; path = Base.lproj/Main.storyboard; sourceTree = "<group>"; };
		11482B7E2365905100B38695 /* Assets.xcassets */ = {isa = PBXFileReference; lastKnownFileType = folder.assetcatalog; path = Assets.xcassets; sourceTree = "<group>"; };
		11482B812365905100B38695 /* Base */ = {isa = PBXFileReference; lastKnownFileType = file.storyboard; name = Base; path = Base.lproj/LaunchScreen.storyboard; sourceTree = "<group>"; };
		11482B832365905100B38695 /* Info.plist */ = {isa = PBXFileReference; lastKnownFileType = text.plist.xml; path = Info.plist; sourceTree = "<group>"; };
		11482B8A2369C58000B38695 /* Chat app-Bridging-Header.h */ = {isa = PBXFileReference; lastKnownFileType = sourcecode.c.h; path = "Chat app-Bridging-Header.h"; sourceTree = "<group>"; };
		11482B8B2369C58100B38695 /* SWRevealViewController.m */ = {isa = PBXFileReference; fileEncoding = 4; lastKnownFileType = sourcecode.c.objc; path = SWRevealViewController.m; sourceTree = "<group>"; };
		11482B8C2369C58100B38695 /* SWRevealViewController.h */ = {isa = PBXFileReference; fileEncoding = 4; lastKnownFileType = sourcecode.c.h; path = SWRevealViewController.h; sourceTree = "<group>"; };
		11482B8F2369DA5400B38695 /* ChatViewController.swift */ = {isa = PBXFileReference; lastKnownFileType = sourcecode.swift; path = ChatViewController.swift; sourceTree = "<group>"; };
		11482B912369DA6400B38695 /* ChannelViewController.swift */ = {isa = PBXFileReference; lastKnownFileType = sourcecode.swift; path = ChannelViewController.swift; sourceTree = "<group>"; };
		11482B95236A07AC00B38695 /* GradiantView.swift */ = {isa = PBXFileReference; lastKnownFileType = sourcecode.swift; path = GradiantView.swift; sourceTree = "<group>"; };
		11482B97236AC2AF00B38695 /* LoginViewConroller.swift */ = {isa = PBXFileReference; lastKnownFileType = sourcecode.swift; path = LoginViewConroller.swift; sourceTree = "<group>"; };
		11482B9A236AC32C00B38695 /* Constants.swift */ = {isa = PBXFileReference; lastKnownFileType = sourcecode.swift; path = Constants.swift; sourceTree = "<group>"; };
		1153E1C8236AD4DF00F9F707 /* CreateAccountViewController.swift */ = {isa = PBXFileReference; lastKnownFileType = sourcecode.swift; path = CreateAccountViewController.swift; sourceTree = "<group>"; };
		115CA1842375545400A01761 /* KeyboardBoundView.swift */ = {isa = PBXFileReference; fileEncoding = 4; lastKnownFileType = sourcecode.swift; path = KeyboardBoundView.swift; sourceTree = "<group>"; };
		115CA18623756D9200A01761 /* ChatCell.swift */ = {isa = PBXFileReference; lastKnownFileType = sourcecode.swift; path = ChatCell.swift; sourceTree = "<group>"; };
		11860FF0236C17B4004CD9D0 /* RoundedButton.swift */ = {isa = PBXFileReference; lastKnownFileType = sourcecode.swift; path = RoundedButton.swift; sourceTree = "<group>"; };
		11860FF2236C2CF6004CD9D0 /* UserDataService.swift */ = {isa = PBXFileReference; lastKnownFileType = sourcecode.swift; path = UserDataService.swift; sourceTree = "<group>"; };
		11860FF4236C48E1004CD9D0 /* AvatarPickerViewController.swift */ = {isa = PBXFileReference; lastKnownFileType = sourcecode.swift; path = AvatarPickerViewController.swift; sourceTree = "<group>"; };
		11860FF6236C4B95004CD9D0 /* AvatarPickerCell.swift */ = {isa = PBXFileReference; lastKnownFileType = sourcecode.swift; path = AvatarPickerCell.swift; sourceTree = "<group>"; };
		11860FF8236C6DD3004CD9D0 /* CircleImage.swift */ = {isa = PBXFileReference; lastKnownFileType = sourcecode.swift; path = CircleImage.swift; sourceTree = "<group>"; };
		11860FFA236C7089004CD9D0 /* CustomTextField.swift */ = {isa = PBXFileReference; lastKnownFileType = sourcecode.swift; path = CustomTextField.swift; sourceTree = "<group>"; };
		11860FFD236CB274004CD9D0 /* ProfileViewController.swift */ = {isa = PBXFileReference; lastKnownFileType = sourcecode.swift; path = ProfileViewController.swift; sourceTree = "<group>"; };
		11860FFE236CB274004CD9D0 /* ProfileViewController.xib */ = {isa = PBXFileReference; lastKnownFileType = file.xib; path = ProfileViewController.xib; sourceTree = "<group>"; };
		11B1C26323C3257300187639 /* MyCell.swift */ = {isa = PBXFileReference; lastKnownFileType = sourcecode.swift; path = MyCell.swift; sourceTree = "<group>"; };
		11B6E2AD2374661500C7F159 /* SocketService.swift */ = {isa = PBXFileReference; lastKnownFileType = sourcecode.swift; path = SocketService.swift; sourceTree = "<group>"; };
		11B6E2AF2374A81F00C7F159 /* Message.swift */ = {isa = PBXFileReference; lastKnownFileType = sourcecode.swift; path = Message.swift; sourceTree = "<group>"; };
		11FD9CC023743A0E006E5EF2 /* MessageService.swift */ = {isa = PBXFileReference; lastKnownFileType = sourcecode.swift; path = MessageService.swift; sourceTree = "<group>"; };
		11FD9CC223743A34006E5EF2 /* Channel.swift */ = {isa = PBXFileReference; lastKnownFileType = sourcecode.swift; path = Channel.swift; sourceTree = "<group>"; };
		11FD9CC423744147006E5EF2 /* ChannelCell.swift */ = {isa = PBXFileReference; lastKnownFileType = sourcecode.swift; path = ChannelCell.swift; sourceTree = "<group>"; };
		11FD9CC6237455E1006E5EF2 /* AddChannelViewController.swift */ = {isa = PBXFileReference; lastKnownFileType = sourcecode.swift; path = AddChannelViewController.swift; sourceTree = "<group>"; };
		11FD9CC7237455E1006E5EF2 /* AddChannelViewController.xib */ = {isa = PBXFileReference; lastKnownFileType = file.xib; path = AddChannelViewController.xib; sourceTree = "<group>"; };
		1607AC5ACCF8A04317431931 /* Pods-Chat app.release.xcconfig */ = {isa = PBXFileReference; includeInIndex = 1; lastKnownFileType = text.xcconfig; name = "Pods-Chat app.release.xcconfig"; path = "Pods/Target Support Files/Pods-Chat app/Pods-Chat app.release.xcconfig"; sourceTree = "<group>"; };
		8E31DFC760C9F91E02271DD0 /* Pods-Chat app.debug.xcconfig */ = {isa = PBXFileReference; includeInIndex = 1; lastKnownFileType = text.xcconfig; name = "Pods-Chat app.debug.xcconfig"; path = "Pods/Target Support Files/Pods-Chat app/Pods-Chat app.debug.xcconfig"; sourceTree = "<group>"; };
		A5B1EC37AEE596D77DB294AC /* Pods_Chat_app.framework */ = {isa = PBXFileReference; explicitFileType = wrapper.framework; includeInIndex = 0; path = Pods_Chat_app.framework; sourceTree = BUILT_PRODUCTS_DIR; };
/* End PBXFileReference section */

/* Begin PBXFrameworksBuildPhase section */
		11482B712365904F00B38695 /* Frameworks */ = {
			isa = PBXFrameworksBuildPhase;
			buildActionMask = 2147483647;
			files = (
				27BC4CD5A15CB7238CF2B8B7 /* Pods_Chat_app.framework in Frameworks */,
			);
			runOnlyForDeploymentPostprocessing = 0;
		};
/* End PBXFrameworksBuildPhase section */

/* Begin PBXGroup section */
		110DFA1E236B71030045262E /* Services */ = {
			isa = PBXGroup;
			children = (
				110DFA1F236B715C0045262E /* AuthService.swift */,
				11860FF2236C2CF6004CD9D0 /* UserDataService.swift */,
				11FD9CC023743A0E006E5EF2 /* MessageService.swift */,
				11B6E2AD2374661500C7F159 /* SocketService.swift */,
			);
			path = Services;
			sourceTree = "<group>";
		};
		11482B6B2365904F00B38695 = {
			isa = PBXGroup;
			children = (
				11482B762365904F00B38695 /* Chat app */,
				11482B752365904F00B38695 /* Products */,
				67CC625C860B33BB5FF6B11B /* Pods */,
				73A84EEE953B9A6659D45F44 /* Frameworks */,
			);
			sourceTree = "<group>";
		};
		11482B752365904F00B38695 /* Products */ = {
			isa = PBXGroup;
			children = (
				11482B742365904F00B38695 /* Chat app.app */,
			);
			name = Products;
			sourceTree = "<group>";
		};
		11482B762365904F00B38695 /* Chat app */ = {
			isa = PBXGroup;
			children = (
				11860FFC236CB238004CD9D0 /* XIBs */,
				110DFA1E236B71030045262E /* Services */,
				11482B99236AC31900B38695 /* Utilites */,
				11482B942369DA8000B38695 /* Controller */,
				11482B932369DA7A00B38695 /* Views */,
				11482B8E2369DA3800B38695 /* Models */,
				11482B892369C55D00B38695 /* Supporting Files */,
				11482B772365904F00B38695 /* AppDelegate.swift */,
				11482B7B2365904F00B38695 /* Main.storyboard */,
				11482B7E2365905100B38695 /* Assets.xcassets */,
				11482B802365905100B38695 /* LaunchScreen.storyboard */,
				11482B832365905100B38695 /* Info.plist */,
			);
			path = "Chat app";
			sourceTree = "<group>";
		};
		11482B892369C55D00B38695 /* Supporting Files */ = {
			isa = PBXGroup;
			children = (
				115CA1842375545400A01761 /* KeyboardBoundView.swift */,
				11482B8C2369C58100B38695 /* SWRevealViewController.h */,
				11482B8B2369C58100B38695 /* SWRevealViewController.m */,
				11482B8A2369C58000B38695 /* Chat app-Bridging-Header.h */,
			);
			path = "Supporting Files";
			sourceTree = "<group>";
		};
		11482B8E2369DA3800B38695 /* Models */ = {
			isa = PBXGroup;
			children = (
				11FD9CC223743A34006E5EF2 /* Channel.swift */,
				11B6E2AF2374A81F00C7F159 /* Message.swift */,
			);
			path = Models;
			sourceTree = "<group>";
		};
		11482B932369DA7A00B38695 /* Views */ = {
			isa = PBXGroup;
			children = (
				11860FF6236C4B95004CD9D0 /* AvatarPickerCell.swift */,
				11FD9CC423744147006E5EF2 /* ChannelCell.swift */,
				11482B95236A07AC00B38695 /* GradiantView.swift */,
				11860FF0236C17B4004CD9D0 /* RoundedButton.swift */,
				11860FF8236C6DD3004CD9D0 /* CircleImage.swift */,
				11860FFA236C7089004CD9D0 /* CustomTextField.swift */,
				115CA18623756D9200A01761 /* ChatCell.swift */,
				11B1C26323C3257300187639 /* MyCell.swift */,
			);
			path = Views;
			sourceTree = "<group>";
		};
		11482B942369DA8000B38695 /* Controller */ = {
			isa = PBXGroup;
			children = (
				11482B912369DA6400B38695 /* ChannelViewController.swift */,
				11482B8F2369DA5400B38695 /* ChatViewController.swift */,
				11482B97236AC2AF00B38695 /* LoginViewConroller.swift */,
				1153E1C8236AD4DF00F9F707 /* CreateAccountViewController.swift */,
				11860FF4236C48E1004CD9D0 /* AvatarPickerViewController.swift */,
				11860FFD236CB274004CD9D0 /* ProfileViewController.swift */,
				11FD9CC6237455E1006E5EF2 /* AddChannelViewController.swift */,
			);
			path = Controller;
			sourceTree = "<group>";
		};
		11482B99236AC31900B38695 /* Utilites */ = {
			isa = PBXGroup;
			children = (
				11482B9A236AC32C00B38695 /* Constants.swift */,
			);
			path = Utilites;
			sourceTree = "<group>";
		};
		11860FFC236CB238004CD9D0 /* XIBs */ = {
			isa = PBXGroup;
			children = (
				11FD9CC7237455E1006E5EF2 /* AddChannelViewController.xib */,
				11860FFE236CB274004CD9D0 /* ProfileViewController.xib */,
			);
			path = XIBs;
			sourceTree = "<group>";
		};
		67CC625C860B33BB5FF6B11B /* Pods */ = {
			isa = PBXGroup;
			children = (
				8E31DFC760C9F91E02271DD0 /* Pods-Chat app.debug.xcconfig */,
				1607AC5ACCF8A04317431931 /* Pods-Chat app.release.xcconfig */,
			);
			name = Pods;
			sourceTree = "<group>";
		};
		73A84EEE953B9A6659D45F44 /* Frameworks */ = {
			isa = PBXGroup;
			children = (
				A5B1EC37AEE596D77DB294AC /* Pods_Chat_app.framework */,
			);
			name = Frameworks;
			sourceTree = "<group>";
		};
/* End PBXGroup section */

/* Begin PBXNativeTarget section */
		11482B732365904F00B38695 /* Chat app */ = {
			isa = PBXNativeTarget;
			buildConfigurationList = 11482B862365905100B38695 /* Build configuration list for PBXNativeTarget "Chat app" */;
			buildPhases = (
				142C5E9E4E1416B14EF3A0CB /* [CP] Check Pods Manifest.lock */,
				11482B702365904F00B38695 /* Sources */,
				11482B712365904F00B38695 /* Frameworks */,
				11482B722365904F00B38695 /* Resources */,
				D66E446C8CA4E7FA5076CF4C /* [CP] Embed Pods Frameworks */,
			);
			buildRules = (
			);
			dependencies = (
			);
			name = "Chat app";
			productName = "Chat app";
			productReference = 11482B742365904F00B38695 /* Chat app.app */;
			productType = "com.apple.product-type.application";
		};
/* End PBXNativeTarget section */

/* Begin PBXProject section */
		11482B6C2365904F00B38695 /* Project object */ = {
			isa = PBXProject;
			attributes = {
				LastSwiftUpdateCheck = 1020;
				LastUpgradeCheck = 1020;
				ORGANIZATIONNAME = "Amir Mahdi Soleimani";
				TargetAttributes = {
					11482B732365904F00B38695 = {
						CreatedOnToolsVersion = 10.2;
						LastSwiftMigration = 1020;
					};
				};
			};
			buildConfigurationList = 11482B6F2365904F00B38695 /* Build configuration list for PBXProject "Chat app" */;
			compatibilityVersion = "Xcode 9.3";
			developmentRegion = en;
			hasScannedForEncodings = 0;
			knownRegions = (
				en,
				Base,
			);
			mainGroup = 11482B6B2365904F00B38695;
			productRefGroup = 11482B752365904F00B38695 /* Products */;
			projectDirPath = "";
			projectRoot = "";
			targets = (
				11482B732365904F00B38695 /* Chat app */,
			);
		};
/* End PBXProject section */

/* Begin PBXResourcesBuildPhase section */
		11482B722365904F00B38695 /* Resources */ = {
			isa = PBXResourcesBuildPhase;
			buildActionMask = 2147483647;
			files = (
				11482B822365905100B38695 /* LaunchScreen.storyboard in Resources */,
				11FD9CC9237455E1006E5EF2 /* AddChannelViewController.xib in Resources */,
				11482B7F2365905100B38695 /* Assets.xcassets in Resources */,
				11861000236CB274004CD9D0 /* ProfileViewController.xib in Resources */,
				11482B7D2365904F00B38695 /* Main.storyboard in Resources */,
			);
			runOnlyForDeploymentPostprocessing = 0;
		};
/* End PBXResourcesBuildPhase section */

/* Begin PBXShellScriptBuildPhase section */
		142C5E9E4E1416B14EF3A0CB /* [CP] Check Pods Manifest.lock */ = {
			isa = PBXShellScriptBuildPhase;
			buildActionMask = 2147483647;
			files = (
			);
			inputPaths = (
				"${PODS_PODFILE_DIR_PATH}/Podfile.lock",
				"${PODS_ROOT}/Manifest.lock",
			);
			name = "[CP] Check Pods Manifest.lock";
			outputPaths = (
				"$(DERIVED_FILE_DIR)/Pods-Chat app-checkManifestLockResult.txt",
			);
			runOnlyForDeploymentPostprocessing = 0;
			shellPath = /bin/sh;
			shellScript = "diff \"${PODS_PODFILE_DIR_PATH}/Podfile.lock\" \"${PODS_ROOT}/Manifest.lock\" > /dev/null\nif [ $? != 0 ] ; then\n    # print error to STDERR\n    echo \"error: The sandbox is not in sync with the Podfile.lock. Run 'pod install' or update your CocoaPods installation.\" >&2\n    exit 1\nfi\n# This output is used by Xcode 'outputs' to avoid re-running this script phase.\necho \"SUCCESS\" > \"${SCRIPT_OUTPUT_FILE_0}\"\n";
			showEnvVarsInLog = 0;
		};
		D66E446C8CA4E7FA5076CF4C /* [CP] Embed Pods Frameworks */ = {
			isa = PBXShellScriptBuildPhase;
			buildActionMask = 2147483647;
			files = (
			);
			inputPaths = (
				"${SRCROOT}/Pods/Target Support Files/Pods-Chat app/Pods-Chat app-frameworks.sh",
				"${BUILT_PRODUCTS_DIR}/Alamofire/Alamofire.framework",
				"${BUILT_PRODUCTS_DIR}/Socket.IO-Client-Swift/SocketIO.framework",
				"${BUILT_PRODUCTS_DIR}/Starscream/Starscream.framework",
				"${BUILT_PRODUCTS_DIR}/SwiftyJSON/SwiftyJSON.framework",
			);
			name = "[CP] Embed Pods Frameworks";
			outputPaths = (
				"${TARGET_BUILD_DIR}/${FRAMEWORKS_FOLDER_PATH}/Alamofire.framework",
				"${TARGET_BUILD_DIR}/${FRAMEWORKS_FOLDER_PATH}/SocketIO.framework",
				"${TARGET_BUILD_DIR}/${FRAMEWORKS_FOLDER_PATH}/Starscream.framework",
				"${TARGET_BUILD_DIR}/${FRAMEWORKS_FOLDER_PATH}/SwiftyJSON.framework",
			);
			runOnlyForDeploymentPostprocessing = 0;
			shellPath = /bin/sh;
			shellScript = "\"${SRCROOT}/Pods/Target Support Files/Pods-Chat app/Pods-Chat app-frameworks.sh\"\n";
			showEnvVarsInLog = 0;
		};
/* End PBXShellScriptBuildPhase section */

/* Begin PBXSourcesBuildPhase section */
		11482B702365904F00B38695 /* Sources */ = {
			isa = PBXSourcesBuildPhase;
			buildActionMask = 2147483647;
			files = (
				11482B96236A07AC00B38695 /* GradiantView.swift in Sources */,
				11860FF1236C17B4004CD9D0 /* RoundedButton.swift in Sources */,
				115CA1852375545400A01761 /* KeyboardBoundView.swift in Sources */,
				11482B98236AC2AF00B38695 /* LoginViewConroller.swift in Sources */,
				11860FF9236C6DD3004CD9D0 /* CircleImage.swift in Sources */,
				11860FF3236C2CF6004CD9D0 /* UserDataService.swift in Sources */,
				11482B9B236AC32C00B38695 /* Constants.swift in Sources */,
				11FD9CC123743A0E006E5EF2 /* MessageService.swift in Sources */,
				11FD9CC323743A34006E5EF2 /* Channel.swift in Sources */,
				11860FFF236CB274004CD9D0 /* ProfileViewController.swift in Sources */,
				110DFA20236B715C0045262E /* AuthService.swift in Sources */,
				11FD9CC8237455E1006E5EF2 /* AddChannelViewController.swift in Sources */,
				11FD9CC523744147006E5EF2 /* ChannelCell.swift in Sources */,
				11860FF5236C48E1004CD9D0 /* AvatarPickerViewController.swift in Sources */,
				11860FF7236C4B95004CD9D0 /* AvatarPickerCell.swift in Sources */,
				11B6E2AE2374661500C7F159 /* SocketService.swift in Sources */,
				11482B782365904F00B38695 /* AppDelegate.swift in Sources */,
				115CA18723756D9200A01761 /* ChatCell.swift in Sources */,
				1153E1C9236AD4DF00F9F707 /* CreateAccountViewController.swift in Sources */,
				11B6E2B02374A81F00C7F159 /* Message.swift in Sources */,
				11B1C26423C3257300187639 /* MyCell.swift in Sources */,
				11482B902369DA5400B38695 /* ChatViewController.swift in Sources */,
				11482B922369DA6400B38695 /* ChannelViewController.swift in Sources */,
				11482B8D2369C58100B38695 /* SWRevealViewController.m in Sources */,
				11860FFB236C7089004CD9D0 /* CustomTextField.swift in Sources */,
			);
			runOnlyForDeploymentPostprocessing = 0;
		};
/* End PBXSourcesBuildPhase section */

/* Begin PBXVariantGroup section */
		11482B7B2365904F00B38695 /* Main.storyboard */ = {
			isa = PBXVariantGroup;
			children = (
				11482B7C2365904F00B38695 /* Base */,
			);
			name = Main.storyboard;
			sourceTree = "<group>";
		};
		11482B802365905100B38695 /* LaunchScreen.storyboard */ = {
			isa = PBXVariantGroup;
			children = (
				11482B812365905100B38695 /* Base */,
			);
			name = LaunchScreen.storyboard;
			sourceTree = "<group>";
		};
/* End PBXVariantGroup section */

/* Begin XCBuildConfiguration section */
		11482B842365905100B38695 /* Debug */ = {
			isa = XCBuildConfiguration;
			buildSettings = {
				ALWAYS_SEARCH_USER_PATHS = NO;
				CLANG_ANALYZER_NONNULL = YES;
				CLANG_ANALYZER_NUMBER_OBJECT_CONVERSION = YES_AGGRESSIVE;
				CLANG_CXX_LANGUAGE_STANDARD = "gnu++14";
				CLANG_CXX_LIBRARY = "libc++";
				CLANG_ENABLE_MODULES = YES;
				CLANG_ENABLE_OBJC_ARC = YES;
				CLANG_ENABLE_OBJC_WEAK = YES;
				CLANG_WARN_BLOCK_CAPTURE_AUTORELEASING = YES;
				CLANG_WARN_BOOL_CONVERSION = YES;
				CLANG_WARN_COMMA = YES;
				CLANG_WARN_CONSTANT_CONVERSION = YES;
				CLANG_WARN_DEPRECATED_OBJC_IMPLEMENTATIONS = YES;
				CLANG_WARN_DIRECT_OBJC_ISA_USAGE = YES_ERROR;
				CLANG_WARN_DOCUMENTATION_COMMENTS = YES;
				CLANG_WARN_EMPTY_BODY = YES;
				CLANG_WARN_ENUM_CONVERSION = YES;
				CLANG_WARN_INFINITE_RECURSION = YES;
				CLANG_WARN_INT_CONVERSION = YES;
				CLANG_WARN_NON_LITERAL_NULL_CONVERSION = YES;
				CLANG_WARN_OBJC_IMPLICIT_RETAIN_SELF = YES;
				CLANG_WARN_OBJC_LITERAL_CONVERSION = YES;
				CLANG_WARN_OBJC_ROOT_CLASS = YES_ERROR;
				CLANG_WARN_RANGE_LOOP_ANALYSIS = YES;
				CLANG_WARN_STRICT_PROTOTYPES = YES;
				CLANG_WARN_SUSPICIOUS_MOVE = YES;
				CLANG_WARN_UNGUARDED_AVAILABILITY = YES_AGGRESSIVE;
				CLANG_WARN_UNREACHABLE_CODE = YES;
				CLANG_WARN__DUPLICATE_METHOD_MATCH = YES;
				CODE_SIGN_IDENTITY = "iPhone Developer";
				COPY_PHASE_STRIP = NO;
				DEBUG_INFORMATION_FORMAT = dwarf;
				ENABLE_STRICT_OBJC_MSGSEND = YES;
				ENABLE_TESTABILITY = YES;
				GCC_C_LANGUAGE_STANDARD = gnu11;
				GCC_DYNAMIC_NO_PIC = NO;
				GCC_NO_COMMON_BLOCKS = YES;
				GCC_OPTIMIZATION_LEVEL = 0;
				GCC_PREPROCESSOR_DEFINITIONS = (
					"DEBUG=1",
					"$(inherited)",
				);
				GCC_WARN_64_TO_32_BIT_CONVERSION = YES;
				GCC_WARN_ABOUT_RETURN_TYPE = YES_ERROR;
				GCC_WARN_UNDECLARED_SELECTOR = YES;
				GCC_WARN_UNINITIALIZED_AUTOS = YES_AGGRESSIVE;
				GCC_WARN_UNUSED_FUNCTION = YES;
				GCC_WARN_UNUSED_VARIABLE = YES;
				IPHONEOS_DEPLOYMENT_TARGET = 12.2;
				MTL_ENABLE_DEBUG_INFO = INCLUDE_SOURCE;
				MTL_FAST_MATH = YES;
				ONLY_ACTIVE_ARCH = YES;
				SDKROOT = iphoneos;
				SWIFT_ACTIVE_COMPILATION_CONDITIONS = DEBUG;
				SWIFT_OPTIMIZATION_LEVEL = "-Onone";
			};
			name = Debug;
		};
		11482B852365905100B38695 /* Release */ = {
			isa = XCBuildConfiguration;
			buildSettings = {
				ALWAYS_SEARCH_USER_PATHS = NO;
				CLANG_ANALYZER_NONNULL = YES;
				CLANG_ANALYZER_NUMBER_OBJECT_CONVERSION = YES_AGGRESSIVE;
				CLANG_CXX_LANGUAGE_STANDARD = "gnu++14";
				CLANG_CXX_LIBRARY = "libc++";
				CLANG_ENABLE_MODULES = YES;
				CLANG_ENABLE_OBJC_ARC = YES;
				CLANG_ENABLE_OBJC_WEAK = YES;
				CLANG_WARN_BLOCK_CAPTURE_AUTORELEASING = YES;
				CLANG_WARN_BOOL_CONVERSION = YES;
				CLANG_WARN_COMMA = YES;
				CLANG_WARN_CONSTANT_CONVERSION = YES;
				CLANG_WARN_DEPRECATED_OBJC_IMPLEMENTATIONS = YES;
				CLANG_WARN_DIRECT_OBJC_ISA_USAGE = YES_ERROR;
				CLANG_WARN_DOCUMENTATION_COMMENTS = YES;
				CLANG_WARN_EMPTY_BODY = YES;
				CLANG_WARN_ENUM_CONVERSION = YES;
				CLANG_WARN_INFINITE_RECURSION = YES;
				CLANG_WARN_INT_CONVERSION = YES;
				CLANG_WARN_NON_LITERAL_NULL_CONVERSION = YES;
				CLANG_WARN_OBJC_IMPLICIT_RETAIN_SELF = YES;
				CLANG_WARN_OBJC_LITERAL_CONVERSION = YES;
				CLANG_WARN_OBJC_ROOT_CLASS = YES_ERROR;
				CLANG_WARN_RANGE_LOOP_ANALYSIS = YES;
				CLANG_WARN_STRICT_PROTOTYPES = YES;
				CLANG_WARN_SUSPICIOUS_MOVE = YES;
				CLANG_WARN_UNGUARDED_AVAILABILITY = YES_AGGRESSIVE;
				CLANG_WARN_UNREACHABLE_CODE = YES;
				CLANG_WARN__DUPLICATE_METHOD_MATCH = YES;
				CODE_SIGN_IDENTITY = "iPhone Developer";
				COPY_PHASE_STRIP = NO;
				DEBUG_INFORMATION_FORMAT = "dwarf-with-dsym";
				ENABLE_NS_ASSERTIONS = NO;
				ENABLE_STRICT_OBJC_MSGSEND = YES;
				GCC_C_LANGUAGE_STANDARD = gnu11;
				GCC_NO_COMMON_BLOCKS = YES;
				GCC_WARN_64_TO_32_BIT_CONVERSION = YES;
				GCC_WARN_ABOUT_RETURN_TYPE = YES_ERROR;
				GCC_WARN_UNDECLARED_SELECTOR = YES;
				GCC_WARN_UNINITIALIZED_AUTOS = YES_AGGRESSIVE;
				GCC_WARN_UNUSED_FUNCTION = YES;
				GCC_WARN_UNUSED_VARIABLE = YES;
				IPHONEOS_DEPLOYMENT_TARGET = 12.2;
				MTL_ENABLE_DEBUG_INFO = NO;
				MTL_FAST_MATH = YES;
				SDKROOT = iphoneos;
				SWIFT_COMPILATION_MODE = wholemodule;
				SWIFT_OPTIMIZATION_LEVEL = "-O";
				VALIDATE_PRODUCT = YES;
			};
			name = Release;
		};
		11482B872365905100B38695 /* Debug */ = {
			isa = XCBuildConfiguration;
			baseConfigurationReference = 8E31DFC760C9F91E02271DD0 /* Pods-Chat app.debug.xcconfig */;
			buildSettings = {
				ASSETCATALOG_COMPILER_APPICON_NAME = AppIcon;
				CLANG_ENABLE_MODULES = YES;
				CODE_SIGN_STYLE = Automatic;
				DEVELOPMENT_TEAM = "";
				INFOPLIST_FILE = "Chat app/Info.plist";
				LD_RUNPATH_SEARCH_PATHS = (
					"$(inherited)",
					"@executable_path/Frameworks",
				);
				PRODUCT_BUNDLE_IDENTIFIER = "mahdis.soleimani.Chat-app";
				PRODUCT_NAME = "$(TARGET_NAME)";
				SWIFT_OBJC_BRIDGING_HEADER = "Chat app/Supporting Files/Chat app-Bridging-Header.h";
				SWIFT_OPTIMIZATION_LEVEL = "-Onone";
				SWIFT_VERSION = 5.0;
				TARGETED_DEVICE_FAMILY = "1,2";
			};
			name = Debug;
		};
		11482B882365905100B38695 /* Release */ = {
			isa = XCBuildConfiguration;
			baseConfigurationReference = 1607AC5ACCF8A04317431931 /* Pods-Chat app.release.xcconfig */;
			buildSettings = {
				ASSETCATALOG_COMPILER_APPICON_NAME = AppIcon;
				CLANG_ENABLE_MODULES = YES;
				CODE_SIGN_STYLE = Automatic;
				DEVELOPMENT_TEAM = "";
				INFOPLIST_FILE = "Chat app/Info.plist";
				LD_RUNPATH_SEARCH_PATHS = (
					"$(inherited)",
					"@executable_path/Frameworks",
				);
				PRODUCT_BUNDLE_IDENTIFIER = "mahdis.soleimani.Chat-app";
				PRODUCT_NAME = "$(TARGET_NAME)";
				SWIFT_OBJC_BRIDGING_HEADER = "Chat app/Supporting Files/Chat app-Bridging-Header.h";
				SWIFT_VERSION = 5.0;
				TARGETED_DEVICE_FAMILY = "1,2";
			};
			name = Release;
		};
/* End XCBuildConfiguration section */

/* Begin XCConfigurationList section */
		11482B6F2365904F00B38695 /* Build configuration list for PBXProject "Chat app" */ = {
			isa = XCConfigurationList;
			buildConfigurations = (
				11482B842365905100B38695 /* Debug */,
				11482B852365905100B38695 /* Release */,
			);
			defaultConfigurationIsVisible = 0;
			defaultConfigurationName = Release;
		};
		11482B862365905100B38695 /* Build configuration list for PBXNativeTarget "Chat app" */ = {
			isa = XCConfigurationList;
			buildConfigurations = (
				11482B872365905100B38695 /* Debug */,
				11482B882365905100B38695 /* Release */,
			);
			defaultConfigurationIsVisible = 0;
			defaultConfigurationName = Release;
		};
/* End XCConfigurationList section */
	};
	rootObject = 11482B6C2365904F00B38695 /* Project object */;
}
